
Microsoft Visual Studio Solution File, Format Version 12.00
# Visual Studio 15
VisualStudioVersion = 15.0.28307.779
MinimumVisualStudioVersion = 10.0.40219.1
Project("{FAE04EC0-301F-11D3-BF4B-00C04F79EFBC}") = "Oop_Overriding", "Oop_Overriding\Oop_Overriding.csproj", "{152AF322-BA5F-45AF-811B-8DCF1FCD4A36}"
EndProject
Global
	GlobalSection(SolutionConfigurationPlatforms) = preSolution
		Debug|Any CPU = Debug|Any CPU
		Release|Any CPU = Release|Any CPU
	EndGlobalSection
	GlobalSection(ProjectConfigurationPlatforms) = postSolution
		{152AF322-BA5F-45AF-811B-8DCF1FCD4A36}.Debug|Any CPU.ActiveCfg = Debug|Any CPU
		{152AF322-BA5F-45AF-811B-8DCF1FCD4A36}.Debug|Any CPU.Build.0 = Debug|Any CPU
		{152AF322-BA5F-45AF-811B-8DCF1FCD4A36}.Release|Any CPU.ActiveCfg = Release|Any CPU
		{152AF322-BA5F-45AF-811B-8DCF1FCD4A36}.Release|Any CPU.Build.0 = Release|Any CPU
	EndGlobalSection
	GlobalSection(SolutionProperties) = preSolution
		HideSolutionNode = FALSE
	EndGlobalSection
	GlobalSection(ExtensibilityGlobals) = postSolution
		SolutionGuid = {2675ED61-4F6A-4C33-9A70-F67A9CF4DE24}
	EndGlobalSection
EndGlobal
